
Microsoft Visual Studio Solution File, Format Version 12.00
# Visual Studio Version 16
VisualStudioVersion = 16.0.32126.315
MinimumVisualStudioVersion = 10.0.40219.1
Project("{FAE04EC0-301F-11D3-BF4B-00C04F79EFBC}") = "CFFirstMVCApp", "CFFirstMVCApp\CFFirstMVCApp.csproj", "{19158165-D418-45E6-BD0B-D2D45B5BC783}"
EndProject
Global
	GlobalSection(SolutionConfigurationPlatforms) = preSolution
		Debug|Any CPU = Debug|Any CPU
		Release|Any CPU = Release|Any CPU
	EndGlobalSection
	GlobalSection(ProjectConfigurationPlatforms) = postSolution
		{19158165-D418-45E6-BD0B-D2D45B5BC783}.Debug|Any CPU.ActiveCfg = Debug|Any CPU
		{19158165-D418-45E6-BD0B-D2D45B5BC783}.Debug|Any CPU.Build.0 = Debug|Any CPU
		{19158165-D418-45E6-BD0B-D2D45B5BC783}.Release|Any CPU.ActiveCfg = Release|Any CPU
		{19158165-D418-45E6-BD0B-D2D45B5BC783}.Release|Any CPU.Build.0 = Release|Any CPU
	EndGlobalSection
	GlobalSection(SolutionProperties) = preSolution
		HideSolutionNode = FALSE
	EndGlobalSection
	GlobalSection(ExtensibilityGlobals) = postSolution
		SolutionGuid = {512EFC68-BB26-4E70-B174-5EDE162A1AAE}
	EndGlobalSection
EndGlobal
